
Microsoft Visual Studio Solution File, Format Version 12.00
# Visual Studio Version 16
VisualStudioVersion = 16.0.30114.105
MinimumVisualStudioVersion = 10.0.40219.1
Project("{9A19103F-16F7-4668-BE54-9A1E7A4F7556}") = "Consumer", "Consumer\Consumer.csproj", "{F66BEF57-C23A-46F0-AA97-6336789B5419}"
EndProject
Project("{9A19103F-16F7-4668-BE54-9A1E7A4F7556}") = "Producer", "Producer\Producer.csproj", "{A1E130B1-1C7C-41F3-957C-8CD5851AFC87}"
EndProject
Global
	GlobalSection(SolutionConfigurationPlatforms) = preSolution
		Debug|Any CPU = Debug|Any CPU
		Release|Any CPU = Release|Any CPU
	EndGlobalSection
	GlobalSection(SolutionProperties) = preSolution
		HideSolutionNode = FALSE
	EndGlobalSection
	GlobalSection(ProjectConfigurationPlatforms) = postSolution
		{F66BEF57-C23A-46F0-AA97-6336789B5419}.Debug|Any CPU.ActiveCfg = Debug|Any CPU
		{F66BEF57-C23A-46F0-AA97-6336789B5419}.Debug|Any CPU.Build.0 = Debug|Any CPU
		{F66BEF57-C23A-46F0-AA97-6336789B5419}.Release|Any CPU.ActiveCfg = Release|Any CPU
		{F66BEF57-C23A-46F0-AA97-6336789B5419}.Release|Any CPU.Build.0 = Release|Any CPU
		{A1E130B1-1C7C-41F3-957C-8CD5851AFC87}.Debug|Any CPU.ActiveCfg = Debug|Any CPU
		{A1E130B1-1C7C-41F3-957C-8CD5851AFC87}.Debug|Any CPU.Build.0 = Debug|Any CPU
		{A1E130B1-1C7C-41F3-957C-8CD5851AFC87}.Release|Any CPU.ActiveCfg = Release|Any CPU
		{A1E130B1-1C7C-41F3-957C-8CD5851AFC87}.Release|Any CPU.Build.0 = Release|Any CPU
	EndGlobalSection
EndGlobal
